// !$*UTF8*$!
{
	archiveVersion = 1;
	classes = {
	};
	objectVersion = 77;
	objects = {

/* Begin PBXBuildFile section */
		EDBCCD052E9A324500C65A0E /* WidgetKit.framework in Frameworks */ = {isa = PBXBuildFile; fileRef = EDBCCD042E9A324500C65A0E /* WidgetKit.framework */; };
		EDBCCD072E9A324500C65A0E /* SwiftUI.framework in Frameworks */ = {isa = PBXBuildFile; fileRef = EDBCCD062E9A324500C65A0E /* SwiftUI.framework */; };
		EDBCCD182E9A324800C65A0E /* DurationActivityExtension.appex in Embed Foundation Extensions */ = {isa = PBXBuildFile; fileRef = EDBCCD022E9A324500C65A0E /* DurationActivityExtension.appex */; settings = {ATTRIBUTES = (RemoveHeadersOnCopy, ); }; };
		EDFCEBA02F0A5E1C00A9F08A /* Supabase in Frameworks */ = {isa = PBXBuildFile; productRef = EDFCEBA12F0A5E1C00A9F08A /* Supabase */; };
/* End PBXBuildFile section */

/* Begin PBXContainerItemProxy section */
		EDBCCD162E9A324800C65A0E /* PBXContainerItemProxy */ = {
			isa = PBXContainerItemProxy;
			containerPortal = EDD049892E93FE1A00795772 /* Project object */;
			proxyType = 1;
			remoteGlobalIDString = EDBCCD012E9A324500C65A0E;
			remoteInfo = DurationActivityExtension;
		};
		EDD049A22E93FE1E00795772 /* PBXContainerItemProxy */ = {
			isa = PBXContainerItemProxy;
			containerPortal = EDD049892E93FE1A00795772 /* Project object */;
			proxyType = 1;
			remoteGlobalIDString = EDD049902E93FE1A00795772;
			remoteInfo = babynanny;
		};
		EDD049AC2E93FE1E00795772 /* PBXContainerItemProxy */ = {
			isa = PBXContainerItemProxy;
			containerPortal = EDD049892E93FE1A00795772 /* Project object */;
			proxyType = 1;
			remoteGlobalIDString = EDD049902E93FE1A00795772;
			remoteInfo = babynanny;
		};
/* End PBXContainerItemProxy section */

/* Begin PBXCopyFilesBuildPhase section */
		EDBCCD1D2E9A324800C65A0E /* Embed Foundation Extensions */ = {
			isa = PBXCopyFilesBuildPhase;
			buildActionMask = 2147483647;
			dstPath = "";
			dstSubfolderSpec = 13;
			files = (
				EDBCCD182E9A324800C65A0E /* DurationActivityExtension.appex in Embed Foundation Extensions */,
			);
			name = "Embed Foundation Extensions";
			runOnlyForDeploymentPostprocessing = 0;
		};
/* End PBXCopyFilesBuildPhase section */

/* Begin PBXFileReference section */
		EDBCCD022E9A324500C65A0E /* DurationActivityExtension.appex */ = {isa = PBXFileReference; explicitFileType = "wrapper.app-extension"; includeInIndex = 0; path = DurationActivityExtension.appex; sourceTree = BUILT_PRODUCTS_DIR; };
		EDBCCD042E9A324500C65A0E /* WidgetKit.framework */ = {isa = PBXFileReference; lastKnownFileType = wrapper.framework; name = WidgetKit.framework; path = System/Library/Frameworks/WidgetKit.framework; sourceTree = SDKROOT; };
		EDBCCD062E9A324500C65A0E /* SwiftUI.framework */ = {isa = PBXFileReference; lastKnownFileType = wrapper.framework; name = SwiftUI.framework; path = System/Library/Frameworks/SwiftUI.framework; sourceTree = SDKROOT; };
		EDD049912E93FE1A00795772 /* babynanny.app */ = {isa = PBXFileReference; explicitFileType = wrapper.application; includeInIndex = 0; path = babynanny.app; sourceTree = BUILT_PRODUCTS_DIR; };
		EDD049A12E93FE1E00795772 /* babynannyTests.xctest */ = {isa = PBXFileReference; explicitFileType = wrapper.cfbundle; includeInIndex = 0; path = babynannyTests.xctest; sourceTree = BUILT_PRODUCTS_DIR; };
		EDD049AB2E93FE1E00795772 /* babynannyUITests.xctest */ = {isa = PBXFileReference; explicitFileType = wrapper.cfbundle; includeInIndex = 0; path = babynannyUITests.xctest; sourceTree = BUILT_PRODUCTS_DIR; };
/* End PBXFileReference section */

/* Begin PBXFileSystemSynchronizedBuildFileExceptionSet section */
		EDBCCCFD2E9A312E00C65A0E /* Exceptions for "babynanny" folder in "babynanny" target */ = {
			isa = PBXFileSystemSynchronizedBuildFileExceptionSet;
			membershipExceptions = (
				Info.plist,
			);
			target = EDD049902E93FE1A00795772 /* babynanny */;
		};
		EDBCCD1C2E9A324800C65A0E /* Exceptions for "DurationActivity" folder in "DurationActivityExtension" target */ = {
			isa = PBXFileSystemSynchronizedBuildFileExceptionSet;
			membershipExceptions = (
				Info.plist,
			);
			target = EDBCCD012E9A324500C65A0E /* DurationActivityExtension */;
		};
/* End PBXFileSystemSynchronizedBuildFileExceptionSet section */

/* Begin PBXFileSystemSynchronizedRootGroup section */
		EDBCCD082E9A324500C65A0E /* DurationActivity */ = {
			isa = PBXFileSystemSynchronizedRootGroup;
			exceptions = (
				EDBCCD1C2E9A324800C65A0E /* Exceptions for "DurationActivity" folder in "DurationActivityExtension" target */,
			);
			path = DurationActivity;
			sourceTree = "<group>";
		};
		EDD049932E93FE1A00795772 /* babynanny */ = {
			isa = PBXFileSystemSynchronizedRootGroup;
			exceptions = (
				EDBCCCFD2E9A312E00C65A0E /* Exceptions for "babynanny" folder in "babynanny" target */,
			);
			path = babynanny;
			sourceTree = "<group>";
		};
		EDD049A42E93FE1E00795772 /* babynannyTests */ = {
			isa = PBXFileSystemSynchronizedRootGroup;
			path = babynannyTests;
			sourceTree = "<group>";
		};
		EDD049AE2E93FE1E00795772 /* babynannyUITests */ = {
			isa = PBXFileSystemSynchronizedRootGroup;
			path = babynannyUITests;
			sourceTree = "<group>";
		};
/* End PBXFileSystemSynchronizedRootGroup section */

/* Begin PBXFrameworksBuildPhase section */
		EDBCCCFF2E9A324500C65A0E /* Frameworks */ = {
			isa = PBXFrameworksBuildPhase;
			buildActionMask = 2147483647;
			files = (
				EDBCCD072E9A324500C65A0E /* SwiftUI.framework in Frameworks */,
				EDBCCD052E9A324500C65A0E /* WidgetKit.framework in Frameworks */,
			);
			runOnlyForDeploymentPostprocessing = 0;
		};
		EDD0498E2E93FE1A00795772 /* Frameworks */ = {
			isa = PBXFrameworksBuildPhase;
			buildActionMask = 2147483647;
			files = (
				EDFCEBA02F0A5E1C00A9F08A /* Supabase in Frameworks */,
			);
			runOnlyForDeploymentPostprocessing = 0;
		};
		EDD0499E2E93FE1E00795772 /* Frameworks */ = {
			isa = PBXFrameworksBuildPhase;
			buildActionMask = 2147483647;
			files = (
			);
			runOnlyForDeploymentPostprocessing = 0;
		};
		EDD049A82E93FE1E00795772 /* Frameworks */ = {
			isa = PBXFrameworksBuildPhase;
			buildActionMask = 2147483647;
			files = (
			);
			runOnlyForDeploymentPostprocessing = 0;
		};
/* End PBXFrameworksBuildPhase section */

/* Begin PBXGroup section */
		EDBCCD032E9A324500C65A0E /* Frameworks */ = {
			isa = PBXGroup;
			children = (
				EDBCCD042E9A324500C65A0E /* WidgetKit.framework */,
				EDBCCD062E9A324500C65A0E /* SwiftUI.framework */,
			);
			name = Frameworks;
			sourceTree = "<group>";
		};
		EDD049882E93FE1A00795772 = {
			isa = PBXGroup;
			children = (
				EDD049932E93FE1A00795772 /* babynanny */,
				EDD049A42E93FE1E00795772 /* babynannyTests */,
				EDD049AE2E93FE1E00795772 /* babynannyUITests */,
				EDBCCD082E9A324500C65A0E /* DurationActivity */,
				EDBCCD032E9A324500C65A0E /* Frameworks */,
				EDD049922E93FE1A00795772 /* Products */,
			);
			sourceTree = "<group>";
		};
		EDD049922E93FE1A00795772 /* Products */ = {
			isa = PBXGroup;
			children = (
				EDD049912E93FE1A00795772 /* babynanny.app */,
				EDD049A12E93FE1E00795772 /* babynannyTests.xctest */,
				EDD049AB2E93FE1E00795772 /* babynannyUITests.xctest */,
				EDBCCD022E9A324500C65A0E /* DurationActivityExtension.appex */,
			);
			name = Products;
			sourceTree = "<group>";
		};
/* End PBXGroup section */

/* Begin PBXNativeTarget section */
		EDBCCD012E9A324500C65A0E /* DurationActivityExtension */ = {
			isa = PBXNativeTarget;
			buildConfigurationList = EDBCCD192E9A324800C65A0E /* Build configuration list for PBXNativeTarget "DurationActivityExtension" */;
			buildPhases = (
				EDBCCCFE2E9A324500C65A0E /* Sources */,
				EDBCCCFF2E9A324500C65A0E /* Frameworks */,
				EDBCCD002E9A324500C65A0E /* Resources */,
			);
			buildRules = (
			);
			dependencies = (
			);
			fileSystemSynchronizedGroups = (
				EDBCCD082E9A324500C65A0E /* DurationActivity */,
			);
			name = DurationActivityExtension;
			packageProductDependencies = (
			);
			productName = DurationActivityExtension;
			productReference = EDBCCD022E9A324500C65A0E /* DurationActivityExtension.appex */;
			productType = "com.apple.product-type.app-extension";
		};
		EDD049902E93FE1A00795772 /* babynanny */ = {
			isa = PBXNativeTarget;
			buildConfigurationList = EDD049B52E93FE1E00795772 /* Build configuration list for PBXNativeTarget "babynanny" */;
			buildPhases = (
				EDD0498D2E93FE1A00795772 /* Sources */,
				EDD0498E2E93FE1A00795772 /* Frameworks */,
				EDD0498F2E93FE1A00795772 /* Resources */,
				EDBCCD1D2E9A324800C65A0E /* Embed Foundation Extensions */,
			);
			buildRules = (
			);
			dependencies = (
				EDBCCD172E9A324800C65A0E /* PBXTargetDependency */,
			);
			fileSystemSynchronizedGroups = (
				EDD049932E93FE1A00795772 /* babynanny */,
			);
			name = babynanny;
			packageProductDependencies = (
				EDFCEBA12F0A5E1C00A9F08A /* Supabase */,
			);
			productName = babynanny;
			productReference = EDD049912E93FE1A00795772 /* babynanny.app */;
			productType = "com.apple.product-type.application";
		};
		EDD049A02E93FE1E00795772 /* babynannyTests */ = {
			isa = PBXNativeTarget;
			buildConfigurationList = EDD049B82E93FE1E00795772 /* Build configuration list for PBXNativeTarget "babynannyTests" */;
			buildPhases = (
				EDD0499D2E93FE1E00795772 /* Sources */,
				EDD0499E2E93FE1E00795772 /* Frameworks */,
				EDD0499F2E93FE1E00795772 /* Resources */,
			);
			buildRules = (
			);
			dependencies = (
				EDD049A32E93FE1E00795772 /* PBXTargetDependency */,
			);
			fileSystemSynchronizedGroups = (
				EDD049A42E93FE1E00795772 /* babynannyTests */,
			);
			name = babynannyTests;
			packageProductDependencies = (
			);
			productName = babynannyTests;
			productReference = EDD049A12E93FE1E00795772 /* babynannyTests.xctest */;
			productType = "com.apple.product-type.bundle.unit-test";
		};
		EDD049AA2E93FE1E00795772 /* babynannyUITests */ = {
			isa = PBXNativeTarget;
			buildConfigurationList = EDD049BB2E93FE1E00795772 /* Build configuration list for PBXNativeTarget "babynannyUITests" */;
			buildPhases = (
				EDD049A72E93FE1E00795772 /* Sources */,
				EDD049A82E93FE1E00795772 /* Frameworks */,
				EDD049A92E93FE1E00795772 /* Resources */,
			);
			buildRules = (
			);
			dependencies = (
				EDD049AD2E93FE1E00795772 /* PBXTargetDependency */,
			);
			fileSystemSynchronizedGroups = (
				EDD049AE2E93FE1E00795772 /* babynannyUITests */,
			);
			name = babynannyUITests;
			packageProductDependencies = (
			);
			productName = babynannyUITests;
			productReference = EDD049AB2E93FE1E00795772 /* babynannyUITests.xctest */;
			productType = "com.apple.product-type.bundle.ui-testing";
		};
/* End PBXNativeTarget section */

/* Begin PBXProject section */
		EDD049892E93FE1A00795772 /* Project object */ = {
			isa = PBXProject;
			attributes = {
				BuildIndependentTargetsInParallel = 1;
				LastSwiftUpdateCheck = 1620;
				LastUpgradeCheck = 1620;
				TargetAttributes = {
					EDBCCD012E9A324500C65A0E = {
						CreatedOnToolsVersion = 16.2;
					};
					EDD049902E93FE1A00795772 = {
						CreatedOnToolsVersion = 16.2;
						SystemCapabilities = {
							com.apple.Push = {
								enabled = 0;
							};
							com.apple.iCloud = {
								enabled = 0;
							};
						};
					};
					EDD049A02E93FE1E00795772 = {
						CreatedOnToolsVersion = 16.2;
						TestTargetID = EDD049902E93FE1A00795772;
					};
					EDD049AA2E93FE1E00795772 = {
						CreatedOnToolsVersion = 16.2;
						TestTargetID = EDD049902E93FE1A00795772;
					};
				};
			};
			buildConfigurationList = EDD0498C2E93FE1A00795772 /* Build configuration list for PBXProject "babynanny" */;
			developmentRegion = en;
			hasScannedForEncodings = 0;
			knownRegions = (
				en,
				Base,
				de,
				es,
			);
			mainGroup = EDD049882E93FE1A00795772;
			minimizedProjectReferenceProxies = 1;
			packageReferences = (
				EDFCEBA22F0A5E1C00A9F08A /* XCRemoteSwiftPackageReference "supabase-swift" */,
			);
			preferredProjectObjectVersion = 77;
			productRefGroup = EDD049922E93FE1A00795772 /* Products */;
			projectDirPath = "";
			projectRoot = "";
			targets = (
				EDD049902E93FE1A00795772 /* babynanny */,
				EDD049A02E93FE1E00795772 /* babynannyTests */,
				EDD049AA2E93FE1E00795772 /* babynannyUITests */,
				EDBCCD012E9A324500C65A0E /* DurationActivityExtension */,
			);
		};
/* End PBXProject section */

/* Begin PBXResourcesBuildPhase section */
		EDBCCD002E9A324500C65A0E /* Resources */ = {
			isa = PBXResourcesBuildPhase;
			buildActionMask = 2147483647;
			files = (
			);
			runOnlyForDeploymentPostprocessing = 0;
		};
		EDD0498F2E93FE1A00795772 /* Resources */ = {
			isa = PBXResourcesBuildPhase;
			buildActionMask = 2147483647;
			files = (
			);
			runOnlyForDeploymentPostprocessing = 0;
		};
		EDD0499F2E93FE1E00795772 /* Resources */ = {
			isa = PBXResourcesBuildPhase;
			buildActionMask = 2147483647;
			files = (
			);
			runOnlyForDeploymentPostprocessing = 0;
		};
		EDD049A92E93FE1E00795772 /* Resources */ = {
			isa = PBXResourcesBuildPhase;
			buildActionMask = 2147483647;
			files = (
			);
			runOnlyForDeploymentPostprocessing = 0;
		};
/* End PBXResourcesBuildPhase section */

/* Begin PBXSourcesBuildPhase section */
		EDBCCCFE2E9A324500C65A0E /* Sources */ = {
			isa = PBXSourcesBuildPhase;
			buildActionMask = 2147483647;
			files = (
			);
			runOnlyForDeploymentPostprocessing = 0;
		};
		EDD0498D2E93FE1A00795772 /* Sources */ = {
			isa = PBXSourcesBuildPhase;
			buildActionMask = 2147483647;
			files = (
			);
			runOnlyForDeploymentPostprocessing = 0;
		};
		EDD0499D2E93FE1E00795772 /* Sources */ = {
			isa = PBXSourcesBuildPhase;
			buildActionMask = 2147483647;
			files = (
			);
			runOnlyForDeploymentPostprocessing = 0;
		};
		EDD049A72E93FE1E00795772 /* Sources */ = {
			isa = PBXSourcesBuildPhase;
			buildActionMask = 2147483647;
			files = (
			);
			runOnlyForDeploymentPostprocessing = 0;
		};
/* End PBXSourcesBuildPhase section */

/* Begin PBXTargetDependency section */
		EDBCCD172E9A324800C65A0E /* PBXTargetDependency */ = {
			isa = PBXTargetDependency;
			target = EDBCCD012E9A324500C65A0E /* DurationActivityExtension */;
			targetProxy = EDBCCD162E9A324800C65A0E /* PBXContainerItemProxy */;
		};
		EDD049A32E93FE1E00795772 /* PBXTargetDependency */ = {
			isa = PBXTargetDependency;
			target = EDD049902E93FE1A00795772 /* babynanny */;
			targetProxy = EDD049A22E93FE1E00795772 /* PBXContainerItemProxy */;
		};
		EDD049AD2E93FE1E00795772 /* PBXTargetDependency */ = {
			isa = PBXTargetDependency;
			target = EDD049902E93FE1A00795772 /* babynanny */;
			targetProxy = EDD049AC2E93FE1E00795772 /* PBXContainerItemProxy */;
		};
/* End PBXTargetDependency section */

/* Begin XCBuildConfiguration section */
		EDBCCD1A2E9A324800C65A0E /* Debug */ = {
			isa = XCBuildConfiguration;
			buildSettings = {
				ASSETCATALOG_COMPILER_GLOBAL_ACCENT_COLOR_NAME = AccentColor;
				ASSETCATALOG_COMPILER_WIDGET_BACKGROUND_COLOR_NAME = WidgetBackground;
				CODE_SIGN_STYLE = Automatic;
				CURRENT_PROJECT_VERSION = 1;
				DEVELOPMENT_TEAM = 4X6WL3Y28W;
				GENERATE_INFOPLIST_FILE = YES;
				INFOPLIST_FILE = DurationActivity/Info.plist;
				INFOPLIST_KEY_CFBundleDisplayName = DurationActivity;
				INFOPLIST_KEY_NSHumanReadableCopyright = "";
				LD_RUNPATH_SEARCH_PATHS = (
					"$(inherited)",
					"@executable_path/Frameworks",
					"@executable_path/../../Frameworks",
				);
				MARKETING_VERSION = 1.0;
				PRODUCT_BUNDLE_IDENTIFIER = com.prioritybit.babynanny.DurationActivity;
				PRODUCT_NAME = "$(TARGET_NAME)";
				SKIP_INSTALL = YES;
				SWIFT_EMIT_LOC_STRINGS = YES;
				SWIFT_TREAT_WARNINGS_AS_ERRORS = YES;
				SWIFT_VERSION = 6.0;
				TARGETED_DEVICE_FAMILY = "1,2";
			};
			name = Debug;
		};
		EDBCCD1B2E9A324800C65A0E /* Release */ = {
			isa = XCBuildConfiguration;
			buildSettings = {
				ASSETCATALOG_COMPILER_GLOBAL_ACCENT_COLOR_NAME = AccentColor;
				ASSETCATALOG_COMPILER_WIDGET_BACKGROUND_COLOR_NAME = WidgetBackground;
				CODE_SIGN_STYLE = Automatic;
				CURRENT_PROJECT_VERSION = 1;
				DEVELOPMENT_TEAM = 4X6WL3Y28W;
				GENERATE_INFOPLIST_FILE = YES;
				INFOPLIST_FILE = DurationActivity/Info.plist;
				INFOPLIST_KEY_CFBundleDisplayName = DurationActivity;
				INFOPLIST_KEY_NSHumanReadableCopyright = "";
				LD_RUNPATH_SEARCH_PATHS = (
					"$(inherited)",
					"@executable_path/Frameworks",
					"@executable_path/../../Frameworks",
				);
				MARKETING_VERSION = 1.0;
				PRODUCT_BUNDLE_IDENTIFIER = com.prioritybit.babynanny.DurationActivity;
				PRODUCT_NAME = "$(TARGET_NAME)";
				SKIP_INSTALL = YES;
				SWIFT_EMIT_LOC_STRINGS = YES;
				SWIFT_TREAT_WARNINGS_AS_ERRORS = YES;
				SWIFT_VERSION = 6.0;
				TARGETED_DEVICE_FAMILY = "1,2";
			};
			name = Release;
		};
		EDD049B32E93FE1E00795772 /* Debug */ = {
			isa = XCBuildConfiguration;
			buildSettings = {
				ALWAYS_SEARCH_USER_PATHS = NO;
				ASSETCATALOG_COMPILER_GENERATE_SWIFT_ASSET_SYMBOL_EXTENSIONS = YES;
				CLANG_ANALYZER_NONNULL = YES;
				CLANG_ANALYZER_NUMBER_OBJECT_CONVERSION = YES_AGGRESSIVE;
				CLANG_CXX_LANGUAGE_STANDARD = "gnu++20";
				CLANG_ENABLE_MODULES = YES;
				CLANG_ENABLE_OBJC_ARC = YES;
				CLANG_ENABLE_OBJC_WEAK = YES;
				CLANG_WARN_BLOCK_CAPTURE_AUTORELEASING = YES;
				CLANG_WARN_BOOL_CONVERSION = YES;
				CLANG_WARN_COMMA = YES;
				CLANG_WARN_CONSTANT_CONVERSION = YES;
				CLANG_WARN_DEPRECATED_OBJC_IMPLEMENTATIONS = YES;
				CLANG_WARN_DIRECT_OBJC_ISA_USAGE = YES_ERROR;
				CLANG_WARN_DOCUMENTATION_COMMENTS = YES;
				CLANG_WARN_EMPTY_BODY = YES;
				CLANG_WARN_ENUM_CONVERSION = YES;
				CLANG_WARN_INFINITE_RECURSION = YES;
				CLANG_WARN_INT_CONVERSION = YES;
				CLANG_WARN_NON_LITERAL_NULL_CONVERSION = YES;
				CLANG_WARN_OBJC_IMPLICIT_RETAIN_SELF = YES;
				CLANG_WARN_OBJC_LITERAL_CONVERSION = YES;
				CLANG_WARN_OBJC_ROOT_CLASS = YES_ERROR;
				CLANG_WARN_QUOTED_INCLUDE_IN_FRAMEWORK_HEADER = YES;
				CLANG_WARN_RANGE_LOOP_ANALYSIS = YES;
				CLANG_WARN_STRICT_PROTOTYPES = YES;
				CLANG_WARN_SUSPICIOUS_MOVE = YES;
				CLANG_WARN_UNGUARDED_AVAILABILITY = YES_AGGRESSIVE;
				CLANG_WARN_UNREACHABLE_CODE = YES;
				CLANG_WARN__DUPLICATE_METHOD_MATCH = YES;
				COPY_PHASE_STRIP = NO;
				DEBUG_INFORMATION_FORMAT = dwarf;
				ENABLE_STRICT_OBJC_MSGSEND = YES;
				ENABLE_TESTABILITY = YES;
				ENABLE_USER_SCRIPT_SANDBOXING = YES;
				GCC_C_LANGUAGE_STANDARD = gnu17;
				GCC_DYNAMIC_NO_PIC = NO;
				GCC_NO_COMMON_BLOCKS = YES;
				GCC_OPTIMIZATION_LEVEL = 0;
				GCC_PREPROCESSOR_DEFINITIONS = (
					"DEBUG=1",
					"$(inherited)",
				);
				GCC_WARN_64_TO_32_BIT_CONVERSION = YES;
				GCC_WARN_ABOUT_RETURN_TYPE = YES_ERROR;
				GCC_WARN_UNDECLARED_SELECTOR = YES;
				GCC_WARN_UNINITIALIZED_AUTOS = YES_AGGRESSIVE;
				GCC_WARN_UNUSED_FUNCTION = YES;
				GCC_WARN_UNUSED_VARIABLE = YES;
				IPHONEOS_DEPLOYMENT_TARGET = 18.2;
				LOCALIZATION_PREFERS_STRING_CATALOGS = YES;
				MTL_ENABLE_DEBUG_INFO = INCLUDE_SOURCE;
				MTL_FAST_MATH = YES;
				ONLY_ACTIVE_ARCH = YES;
				SDKROOT = iphoneos;
				SWIFT_ACTIVE_COMPILATION_CONDITIONS = "DEBUG $(inherited)";
				SWIFT_OPTIMIZATION_LEVEL = "-Onone";
			};
			name = Debug;
		};
		EDD049B42E93FE1E00795772 /* Release */ = {
			isa = XCBuildConfiguration;
			buildSettings = {
				ALWAYS_SEARCH_USER_PATHS = NO;
				ASSETCATALOG_COMPILER_GENERATE_SWIFT_ASSET_SYMBOL_EXTENSIONS = YES;
				CLANG_ANALYZER_NONNULL = YES;
				CLANG_ANALYZER_NUMBER_OBJECT_CONVERSION = YES_AGGRESSIVE;
				CLANG_CXX_LANGUAGE_STANDARD = "gnu++20";
				CLANG_ENABLE_MODULES = YES;
				CLANG_ENABLE_OBJC_ARC = YES;
				CLANG_ENABLE_OBJC_WEAK = YES;
				CLANG_WARN_BLOCK_CAPTURE_AUTORELEASING = YES;
				CLANG_WARN_BOOL_CONVERSION = YES;
				CLANG_WARN_COMMA = YES;
				CLANG_WARN_CONSTANT_CONVERSION = YES;
				CLANG_WARN_DEPRECATED_OBJC_IMPLEMENTATIONS = YES;
				CLANG_WARN_DIRECT_OBJC_ISA_USAGE = YES_ERROR;
				CLANG_WARN_DOCUMENTATION_COMMENTS = YES;
				CLANG_WARN_EMPTY_BODY = YES;
				CLANG_WARN_ENUM_CONVERSION = YES;
				CLANG_WARN_INFINITE_RECURSION = YES;
				CLANG_WARN_INT_CONVERSION = YES;
				CLANG_WARN_NON_LITERAL_NULL_CONVERSION = YES;
				CLANG_WARN_OBJC_IMPLICIT_RETAIN_SELF = YES;
				CLANG_WARN_OBJC_LITERAL_CONVERSION = YES;
				CLANG_WARN_OBJC_ROOT_CLASS = YES_ERROR;
				CLANG_WARN_QUOTED_INCLUDE_IN_FRAMEWORK_HEADER = YES;
				CLANG_WARN_RANGE_LOOP_ANALYSIS = YES;
				CLANG_WARN_STRICT_PROTOTYPES = YES;
				CLANG_WARN_SUSPICIOUS_MOVE = YES;
				CLANG_WARN_UNGUARDED_AVAILABILITY = YES_AGGRESSIVE;
				CLANG_WARN_UNREACHABLE_CODE = YES;
				CLANG_WARN__DUPLICATE_METHOD_MATCH = YES;
				COPY_PHASE_STRIP = NO;
				DEBUG_INFORMATION_FORMAT = "dwarf-with-dsym";
				ENABLE_NS_ASSERTIONS = NO;
				ENABLE_STRICT_OBJC_MSGSEND = YES;
				ENABLE_USER_SCRIPT_SANDBOXING = YES;
				GCC_C_LANGUAGE_STANDARD = gnu17;
				GCC_NO_COMMON_BLOCKS = YES;
				GCC_WARN_64_TO_32_BIT_CONVERSION = YES;
				GCC_WARN_ABOUT_RETURN_TYPE = YES_ERROR;
				GCC_WARN_UNDECLARED_SELECTOR = YES;
				GCC_WARN_UNINITIALIZED_AUTOS = YES_AGGRESSIVE;
				GCC_WARN_UNUSED_FUNCTION = YES;
				GCC_WARN_UNUSED_VARIABLE = YES;
				IPHONEOS_DEPLOYMENT_TARGET = 18.2;
				LOCALIZATION_PREFERS_STRING_CATALOGS = YES;
				MTL_ENABLE_DEBUG_INFO = NO;
				MTL_FAST_MATH = YES;
				SDKROOT = iphoneos;
				SWIFT_COMPILATION_MODE = wholemodule;
				VALIDATE_PRODUCT = YES;
			};
			name = Release;
		};
		EDD049B62E93FE1E00795772 /* Debug */ = {
			isa = XCBuildConfiguration;
			buildSettings = {
				ASSETCATALOG_COMPILER_APPICON_NAME = AppIcon;
				ASSETCATALOG_COMPILER_GLOBAL_ACCENT_COLOR_NAME = AccentColor;
				CODE_SIGN_ENTITLEMENTS = babynanny/babynanny.entitlements;
				CODE_SIGN_STYLE = Automatic;
				CURRENT_PROJECT_VERSION = 1;
				DEVELOPMENT_ASSET_PATHS = "\"babynanny/Preview Content\"";
				DEVELOPMENT_TEAM = 4X6WL3Y28W;
				ENABLE_PREVIEWS = YES;
				GENERATE_INFOPLIST_FILE = YES;
				INFOPLIST_FILE = babynanny/Info.plist;
				INFOPLIST_KEY_CFBundleDisplayName = "Nanny & Me";
				INFOPLIST_KEY_LSApplicationCategoryType = "public.app-category.medical";
				INFOPLIST_KEY_LSSupportsOpeningDocumentsInPlace = YES;
				INFOPLIST_KEY_NSSupportsLiveActivities = YES;
				INFOPLIST_KEY_UIApplicationSceneManifest_Generation = YES;
				INFOPLIST_KEY_UIApplicationSupportsIndirectInputEvents = YES;
				INFOPLIST_KEY_UILaunchScreen_Generation = YES;
				INFOPLIST_KEY_UISupportedInterfaceOrientations_iPad = "UIInterfaceOrientationPortrait UIInterfaceOrientationPortraitUpsideDown UIInterfaceOrientationLandscapeLeft UIInterfaceOrientationLandscapeRight";
				INFOPLIST_KEY_UISupportedInterfaceOrientations_iPhone = "UIInterfaceOrientationPortrait UIInterfaceOrientationLandscapeLeft UIInterfaceOrientationLandscapeRight";
				LD_RUNPATH_SEARCH_PATHS = (
					"$(inherited)",
					"@executable_path/Frameworks",
				);
				MARKETING_VERSION = 1.0;
				PRODUCT_BUNDLE_IDENTIFIER = com.prioritybit.babynanny;
				PRODUCT_NAME = "$(TARGET_NAME)";
				SWIFT_EMIT_LOC_STRINGS = YES;
				SWIFT_TREAT_WARNINGS_AS_ERRORS = YES;
				SWIFT_VERSION = 6.0;
				TARGETED_DEVICE_FAMILY = "1,2";
			};
			name = Debug;
		};
		EDD049B72E93FE1E00795772 /* Release */ = {
			isa = XCBuildConfiguration;
			buildSettings = {
				ASSETCATALOG_COMPILER_APPICON_NAME = AppIcon;
				ASSETCATALOG_COMPILER_GLOBAL_ACCENT_COLOR_NAME = AccentColor;
				CODE_SIGN_ENTITLEMENTS = babynanny/babynanny.entitlements;
				CODE_SIGN_STYLE = Automatic;
				CURRENT_PROJECT_VERSION = 1;
				DEVELOPMENT_ASSET_PATHS = "\"babynanny/Preview Content\"";
				DEVELOPMENT_TEAM = 4X6WL3Y28W;
				ENABLE_PREVIEWS = YES;
				GENERATE_INFOPLIST_FILE = YES;
				INFOPLIST_FILE = babynanny/Info.plist;
				INFOPLIST_KEY_CFBundleDisplayName = "Nanny & Me";
				INFOPLIST_KEY_LSApplicationCategoryType = "public.app-category.medical";
				INFOPLIST_KEY_LSSupportsOpeningDocumentsInPlace = YES;
				INFOPLIST_KEY_NSSupportsLiveActivities = YES;
				INFOPLIST_KEY_UIApplicationSceneManifest_Generation = YES;
				INFOPLIST_KEY_UIApplicationSupportsIndirectInputEvents = YES;
				INFOPLIST_KEY_UILaunchScreen_Generation = YES;
				INFOPLIST_KEY_UISupportedInterfaceOrientations_iPad = "UIInterfaceOrientationPortrait UIInterfaceOrientationPortraitUpsideDown UIInterfaceOrientationLandscapeLeft UIInterfaceOrientationLandscapeRight";
				INFOPLIST_KEY_UISupportedInterfaceOrientations_iPhone = "UIInterfaceOrientationPortrait UIInterfaceOrientationLandscapeLeft UIInterfaceOrientationLandscapeRight";
				LD_RUNPATH_SEARCH_PATHS = (
					"$(inherited)",
					"@executable_path/Frameworks",
				);
				MARKETING_VERSION = 1.0;
				PRODUCT_BUNDLE_IDENTIFIER = com.prioritybit.babynanny;
				PRODUCT_NAME = "$(TARGET_NAME)";
				SWIFT_EMIT_LOC_STRINGS = YES;
				SWIFT_TREAT_WARNINGS_AS_ERRORS = YES;
				SWIFT_VERSION = 6.0;
				TARGETED_DEVICE_FAMILY = "1,2";
			};
			name = Release;
		};
		EDD049B92E93FE1E00795772 /* Debug */ = {
			isa = XCBuildConfiguration;
			buildSettings = {
				BUNDLE_LOADER = "$(TEST_HOST)";
				CODE_SIGN_STYLE = Automatic;
				CURRENT_PROJECT_VERSION = 1;
				DEVELOPMENT_TEAM = 4X6WL3Y28W;
				GENERATE_INFOPLIST_FILE = YES;
				IPHONEOS_DEPLOYMENT_TARGET = 18.2;
				MARKETING_VERSION = 1.0;
				PRODUCT_BUNDLE_IDENTIFIER = com.prioritybit.babynannyTests;
				PRODUCT_NAME = "$(TARGET_NAME)";
				SWIFT_EMIT_LOC_STRINGS = NO;
				SWIFT_TREAT_WARNINGS_AS_ERRORS = YES;
				SWIFT_VERSION = 6.0;
				TARGETED_DEVICE_FAMILY = "1,2";
				TEST_HOST = "$(BUILT_PRODUCTS_DIR)/babynanny.app/$(BUNDLE_EXECUTABLE_FOLDER_PATH)/babynanny";
			};
			name = Debug;
		};
		EDD049BA2E93FE1E00795772 /* Release */ = {
			isa = XCBuildConfiguration;
			buildSettings = {
				BUNDLE_LOADER = "$(TEST_HOST)";
				CODE_SIGN_STYLE = Automatic;
				CURRENT_PROJECT_VERSION = 1;
				DEVELOPMENT_TEAM = 4X6WL3Y28W;
				GENERATE_INFOPLIST_FILE = YES;
				IPHONEOS_DEPLOYMENT_TARGET = 18.2;
				MARKETING_VERSION = 1.0;
				PRODUCT_BUNDLE_IDENTIFIER = com.prioritybit.babynannyTests;
				PRODUCT_NAME = "$(TARGET_NAME)";
				SWIFT_EMIT_LOC_STRINGS = NO;
				SWIFT_TREAT_WARNINGS_AS_ERRORS = YES;
				SWIFT_VERSION = 6.0;
				TARGETED_DEVICE_FAMILY = "1,2";
				TEST_HOST = "$(BUILT_PRODUCTS_DIR)/babynanny.app/$(BUNDLE_EXECUTABLE_FOLDER_PATH)/babynanny";
			};
			name = Release;
		};
		EDD049BC2E93FE1E00795772 /* Debug */ = {
			isa = XCBuildConfiguration;
			buildSettings = {
				CODE_SIGN_STYLE = Automatic;
				CURRENT_PROJECT_VERSION = 1;
				DEVELOPMENT_TEAM = 4X6WL3Y28W;
				GENERATE_INFOPLIST_FILE = YES;
				MARKETING_VERSION = 1.0;
				PRODUCT_BUNDLE_IDENTIFIER = com.prioritybit.babynannyUITests;
				PRODUCT_NAME = "$(TARGET_NAME)";
				SWIFT_EMIT_LOC_STRINGS = NO;
				SWIFT_TREAT_WARNINGS_AS_ERRORS = YES;
				SWIFT_VERSION = 6.0;
				TARGETED_DEVICE_FAMILY = "1,2";
				TEST_TARGET_NAME = babynanny;
			};
			name = Debug;
		};
		EDD049BD2E93FE1E00795772 /* Release */ = {
			isa = XCBuildConfiguration;
			buildSettings = {
				CODE_SIGN_STYLE = Automatic;
				CURRENT_PROJECT_VERSION = 1;
				DEVELOPMENT_TEAM = 4X6WL3Y28W;
				GENERATE_INFOPLIST_FILE = YES;
				MARKETING_VERSION = 1.0;
				PRODUCT_BUNDLE_IDENTIFIER = com.prioritybit.babynannyUITests;
				PRODUCT_NAME = "$(TARGET_NAME)";
				SWIFT_EMIT_LOC_STRINGS = NO;
				SWIFT_TREAT_WARNINGS_AS_ERRORS = YES;
				SWIFT_VERSION = 6.0;
				TARGETED_DEVICE_FAMILY = "1,2";
				TEST_TARGET_NAME = babynanny;
			};
			name = Release;
		};
/* End XCBuildConfiguration section */

/* Begin XCConfigurationList section */
		EDBCCD192E9A324800C65A0E /* Build configuration list for PBXNativeTarget "DurationActivityExtension" */ = {
			isa = XCConfigurationList;
			buildConfigurations = (
				EDBCCD1A2E9A324800C65A0E /* Debug */,
				EDBCCD1B2E9A324800C65A0E /* Release */,
			);
			defaultConfigurationIsVisible = 0;
			defaultConfigurationName = Release;
		};
		EDD0498C2E93FE1A00795772 /* Build configuration list for PBXProject "babynanny" */ = {
			isa = XCConfigurationList;
			buildConfigurations = (
				EDD049B32E93FE1E00795772 /* Debug */,
				EDD049B42E93FE1E00795772 /* Release */,
			);
			defaultConfigurationIsVisible = 0;
			defaultConfigurationName = Release;
		};
		EDD049B52E93FE1E00795772 /* Build configuration list for PBXNativeTarget "babynanny" */ = {
			isa = XCConfigurationList;
			buildConfigurations = (
				EDD049B62E93FE1E00795772 /* Debug */,
				EDD049B72E93FE1E00795772 /* Release */,
			);
			defaultConfigurationIsVisible = 0;
			defaultConfigurationName = Release;
		};
		EDD049B82E93FE1E00795772 /* Build configuration list for PBXNativeTarget "babynannyTests" */ = {
			isa = XCConfigurationList;
			buildConfigurations = (
				EDD049B92E93FE1E00795772 /* Debug */,
				EDD049BA2E93FE1E00795772 /* Release */,
			);
			defaultConfigurationIsVisible = 0;
			defaultConfigurationName = Release;
		};
		EDD049BB2E93FE1E00795772 /* Build configuration list for PBXNativeTarget "babynannyUITests" */ = {
			isa = XCConfigurationList;
			buildConfigurations = (
				EDD049BC2E93FE1E00795772 /* Debug */,
				EDD049BD2E93FE1E00795772 /* Release */,
			);
			defaultConfigurationIsVisible = 0;
			defaultConfigurationName = Release;
		};
/* End XCConfigurationList section */

/* Begin XCRemoteSwiftPackageReference section */
		EDFCEBA22F0A5E1C00A9F08A /* XCRemoteSwiftPackageReference "supabase-swift" */ = {
			isa = XCRemoteSwiftPackageReference;
			repositoryURL = "https://github.com/supabase-community/supabase-swift";
			requirement = {
				kind = upToNextMajorVersion;
				minimumVersion = 1.0.0;
			};
		};
/* End XCRemoteSwiftPackageReference section */

/* Begin XCSwiftPackageProductDependency section */
		EDFCEBA12F0A5E1C00A9F08A /* Supabase */ = {
			isa = XCSwiftPackageProductDependency;
			package = EDFCEBA22F0A5E1C00A9F08A /* XCRemoteSwiftPackageReference "supabase-swift" */;
			productName = Supabase;
		};
/* End XCSwiftPackageProductDependency section */
	};
	rootObject = EDD049892E93FE1A00795772 /* Project object */;
}
